// !$*UTF8*$!
{
	archiveVersion = 1;
	classes = {
	};
	objectVersion = 55;
	objects = {

/* Begin PBXBuildFile section */
		02727E8F2897FB9A00B7D304 /* AppDelegate.swift in Sources */ = {isa = PBXBuildFile; fileRef = 02727E8E2897FB9A00B7D304 /* AppDelegate.swift */; };
		02727E932897FB9A00B7D304 /* ViewController.swift in Sources */ = {isa = PBXBuildFile; fileRef = 02727E922897FB9A00B7D304 /* ViewController.swift */; };
		02727E982897FB9C00B7D304 /* Assets.xcassets in Resources */ = {isa = PBXBuildFile; fileRef = 02727E972897FB9C00B7D304 /* Assets.xcassets */; };
		02727E9B2897FB9C00B7D304 /* LaunchScreen.storyboard in Resources */ = {isa = PBXBuildFile; fileRef = 02727E992897FB9C00B7D304 /* LaunchScreen.storyboard */; };
		02727EC02898038500B7D304 /* ViewController.xib in Resources */ = {isa = PBXBuildFile; fileRef = 02727EBF2898038500B7D304 /* ViewController.xib */; };
		02727EC22898058800B7D304 /* TextFieldView.xib in Resources */ = {isa = PBXBuildFile; fileRef = 02727EC12898058800B7D304 /* TextFieldView.xib */; };
		02727EC428980B8000B7D304 /* TextFieldView.swift in Sources */ = {isa = PBXBuildFile; fileRef = 02727EC328980B8000B7D304 /* TextFieldView.swift */; };
		02D830AB28984D6F00CEDEA0 /* Rubik-Medium.ttf in Resources */ = {isa = PBXBuildFile; fileRef = 02D830A928984D6F00CEDEA0 /* Rubik-Medium.ttf */; };
		02D830AC28984D6F00CEDEA0 /* Rubik-Regular.ttf in Resources */ = {isa = PBXBuildFile; fileRef = 02D830AA28984D6F00CEDEA0 /* Rubik-Regular.ttf */; };
		02D830AE289A949C00CEDEA0 /* InputValidationModel.swift in Sources */ = {isa = PBXBuildFile; fileRef = 02D830AD289A949C00CEDEA0 /* InputValidationModel.swift */; };
/* End PBXBuildFile section */

/* Begin PBXFileReference section */
		02727E8B2897FB9A00B7D304 /* TEXT FIELDS!.app */ = {isa = PBXFileReference; explicitFileType = wrapper.application; includeInIndex = 0; path = "TEXT FIELDS!.app"; sourceTree = BUILT_PRODUCTS_DIR; };
		02727E8E2897FB9A00B7D304 /* AppDelegate.swift */ = {isa = PBXFileReference; lastKnownFileType = sourcecode.swift; path = AppDelegate.swift; sourceTree = "<group>"; };
		02727E922897FB9A00B7D304 /* ViewController.swift */ = {isa = PBXFileReference; lastKnownFileType = sourcecode.swift; path = ViewController.swift; sourceTree = "<group>"; };
		02727E972897FB9C00B7D304 /* Assets.xcassets */ = {isa = PBXFileReference; lastKnownFileType = folder.assetcatalog; path = Assets.xcassets; sourceTree = "<group>"; };
		02727E9A2897FB9C00B7D304 /* Base */ = {isa = PBXFileReference; lastKnownFileType = file.storyboard; name = Base; path = Base.lproj/LaunchScreen.storyboard; sourceTree = "<group>"; };
		02727E9C2897FB9C00B7D304 /* Info.plist */ = {isa = PBXFileReference; lastKnownFileType = text.plist.xml; path = Info.plist; sourceTree = "<group>"; };
		02727EBF2898038500B7D304 /* ViewController.xib */ = {isa = PBXFileReference; lastKnownFileType = file.xib; path = ViewController.xib; sourceTree = "<group>"; };
		02727EC12898058800B7D304 /* TextFieldView.xib */ = {isa = PBXFileReference; lastKnownFileType = file.xib; path = TextFieldView.xib; sourceTree = "<group>"; };
		02727EC328980B8000B7D304 /* TextFieldView.swift */ = {isa = PBXFileReference; lastKnownFileType = sourcecode.swift; path = TextFieldView.swift; sourceTree = "<group>"; };
		02D830A928984D6F00CEDEA0 /* Rubik-Medium.ttf */ = {isa = PBXFileReference; lastKnownFileType = file; path = "Rubik-Medium.ttf"; sourceTree = "<group>"; };
		02D830AA28984D6F00CEDEA0 /* Rubik-Regular.ttf */ = {isa = PBXFileReference; lastKnownFileType = file; path = "Rubik-Regular.ttf"; sourceTree = "<group>"; };
		02D830AD289A949C00CEDEA0 /* InputValidationModel.swift */ = {isa = PBXFileReference; lastKnownFileType = sourcecode.swift; path = InputValidationModel.swift; sourceTree = "<group>"; };
/* End PBXFileReference section */

/* Begin PBXFrameworksBuildPhase section */
		02727E882897FB9A00B7D304 /* Frameworks */ = {
			isa = PBXFrameworksBuildPhase;
			buildActionMask = 2147483647;
			files = (
			);
			runOnlyForDeploymentPostprocessing = 0;
		};
/* End PBXFrameworksBuildPhase section */

/* Begin PBXGroup section */
		02727E822897FB9A00B7D304 = {
			isa = PBXGroup;
			children = (
				02727E8D2897FB9A00B7D304 /* TEXT FIELDS! */,
				02727E8C2897FB9A00B7D304 /* Products */,
			);
			sourceTree = "<group>";
		};
		02727E8C2897FB9A00B7D304 /* Products */ = {
			isa = PBXGroup;
			children = (
				02727E8B2897FB9A00B7D304 /* TEXT FIELDS!.app */,
			);
			name = Products;
			sourceTree = "<group>";
		};
		02727E8D2897FB9A00B7D304 /* TEXT FIELDS! */ = {
			isa = PBXGroup;
			children = (
				02727E8E2897FB9A00B7D304 /* AppDelegate.swift */,
				02D830B1289A94CE00CEDEA0 /* Controllers */,
				02D830B0289A94C500CEDEA0 /* Models */,
				02D830AF289A94B900CEDEA0 /* Views */,
				02727E972897FB9C00B7D304 /* Assets.xcassets */,
				02727E9C2897FB9C00B7D304 /* Info.plist */,
				02727EC5289839E600B7D304 /* fonts */,
			);
			path = "TEXT FIELDS!";
			sourceTree = "<group>";
		};
		02727EC5289839E600B7D304 /* fonts */ = {
			isa = PBXGroup;
			children = (
				02D830AA28984D6F00CEDEA0 /* Rubik-Regular.ttf */,
				02D830A928984D6F00CEDEA0 /* Rubik-Medium.ttf */,
			);
			path = fonts;
			sourceTree = "<group>";
		};
		02D830AF289A94B900CEDEA0 /* Views */ = {
			isa = PBXGroup;
			children = (
				02727EC328980B8000B7D304 /* TextFieldView.swift */,
				02727EC12898058800B7D304 /* TextFieldView.xib */,
				02727E992897FB9C00B7D304 /* LaunchScreen.storyboard */,
			);
			path = Views;
			sourceTree = "<group>";
		};
		02D830B0289A94C500CEDEA0 /* Models */ = {
			isa = PBXGroup;
			children = (
				02D830AD289A949C00CEDEA0 /* InputValidationModel.swift */,
			);
			path = Models;
			sourceTree = "<group>";
		};
		02D830B1289A94CE00CEDEA0 /* Controllers */ = {
			isa = PBXGroup;
			children = (
				02727EBF2898038500B7D304 /* ViewController.xib */,
				02727E922897FB9A00B7D304 /* ViewController.swift */,
			);
			path = Controllers;
			sourceTree = "<group>";
		};
/* End PBXGroup section */

/* Begin PBXNativeTarget section */
		02727E8A2897FB9A00B7D304 /* TEXT FIELDS! */ = {
			isa = PBXNativeTarget;
			buildConfigurationList = 02727EB52897FB9C00B7D304 /* Build configuration list for PBXNativeTarget "TEXT FIELDS!" */;
			buildPhases = (
				02727E872897FB9A00B7D304 /* Sources */,
				02727E882897FB9A00B7D304 /* Frameworks */,
				02727E892897FB9A00B7D304 /* Resources */,
			);
			buildRules = (
			);
			dependencies = (
			);
			name = "TEXT FIELDS!";
			productName = "TEXT FIELDS!";
			productReference = 02727E8B2897FB9A00B7D304 /* TEXT FIELDS!.app */;
			productType = "com.apple.product-type.application";
		};
/* End PBXNativeTarget section */

/* Begin PBXProject section */
		02727E832897FB9A00B7D304 /* Project object */ = {
			isa = PBXProject;
			attributes = {
				BuildIndependentTargetsInParallel = 1;
				LastSwiftUpdateCheck = 1340;
				LastUpgradeCheck = 1340;
				TargetAttributes = {
					02727E8A2897FB9A00B7D304 = {
						CreatedOnToolsVersion = 13.4.1;
					};
				};
			};
			buildConfigurationList = 02727E862897FB9A00B7D304 /* Build configuration list for PBXProject "TEXT FIELDS!" */;
			compatibilityVersion = "Xcode 13.0";
			developmentRegion = en;
			hasScannedForEncodings = 0;
			knownRegions = (
				en,
				Base,
			);
			mainGroup = 02727E822897FB9A00B7D304;
			productRefGroup = 02727E8C2897FB9A00B7D304 /* Products */;
			projectDirPath = "";
			projectRoot = "";
			targets = (
				02727E8A2897FB9A00B7D304 /* TEXT FIELDS! */,
			);
		};
/* End PBXProject section */

/* Begin PBXResourcesBuildPhase section */
		02727E892897FB9A00B7D304 /* Resources */ = {
			isa = PBXResourcesBuildPhase;
			buildActionMask = 2147483647;
			files = (
				02727E9B2897FB9C00B7D304 /* LaunchScreen.storyboard in Resources */,
				02D830AC28984D6F00CEDEA0 /* Rubik-Regular.ttf in Resources */,
				02727EC02898038500B7D304 /* ViewController.xib in Resources */,
				02727E982897FB9C00B7D304 /* Assets.xcassets in Resources */,
				02727EC22898058800B7D304 /* TextFieldView.xib in Resources */,
				02D830AB28984D6F00CEDEA0 /* Rubik-Medium.ttf in Resources */,
			);
			runOnlyForDeploymentPostprocessing = 0;
		};
/* End PBXResourcesBuildPhase section */

/* Begin PBXSourcesBuildPhase section */
		02727E872897FB9A00B7D304 /* Sources */ = {
			isa = PBXSourcesBuildPhase;
			buildActionMask = 2147483647;
			files = (
				02727EC428980B8000B7D304 /* TextFieldView.swift in Sources */,
				02D830AE289A949C00CEDEA0 /* InputValidationModel.swift in Sources */,
				02727E932897FB9A00B7D304 /* ViewController.swift in Sources */,
				02727E8F2897FB9A00B7D304 /* AppDelegate.swift in Sources */,
			);
			runOnlyForDeploymentPostprocessing = 0;
		};
/* End PBXSourcesBuildPhase section */

/* Begin PBXVariantGroup section */
		02727E992897FB9C00B7D304 /* LaunchScreen.storyboard */ = {
			isa = PBXVariantGroup;
			children = (
				02727E9A2897FB9C00B7D304 /* Base */,
			);
			name = LaunchScreen.storyboard;
			sourceTree = "<group>";
		};
/* End PBXVariantGroup section */

/* Begin XCBuildConfiguration section */
		02727EB32897FB9C00B7D304 /* Debug */ = {
			isa = XCBuildConfiguration;
			buildSettings = {
				ALWAYS_SEARCH_USER_PATHS = NO;
				CLANG_ANALYZER_NONNULL = YES;
				CLANG_ANALYZER_NUMBER_OBJECT_CONVERSION = YES_AGGRESSIVE;
				CLANG_CXX_LANGUAGE_STANDARD = "gnu++17";
				CLANG_ENABLE_MODULES = YES;
				CLANG_ENABLE_OBJC_ARC = YES;
				CLANG_ENABLE_OBJC_WEAK = YES;
				CLANG_WARN_BLOCK_CAPTURE_AUTORELEASING = YES;
				CLANG_WARN_BOOL_CONVERSION = YES;
				CLANG_WARN_COMMA = YES;
				CLANG_WARN_CONSTANT_CONVERSION = YES;
				CLANG_WARN_DEPRECATED_OBJC_IMPLEMENTATIONS = YES;
				CLANG_WARN_DIRECT_OBJC_ISA_USAGE = YES_ERROR;
				CLANG_WARN_DOCUMENTATION_COMMENTS = YES;
				CLANG_WARN_EMPTY_BODY = YES;
				CLANG_WARN_ENUM_CONVERSION = YES;
				CLANG_WARN_INFINITE_RECURSION = YES;
				CLANG_WARN_INT_CONVERSION = YES;
				CLANG_WARN_NON_LITERAL_NULL_CONVERSION = YES;
				CLANG_WARN_OBJC_IMPLICIT_RETAIN_SELF = YES;
				CLANG_WARN_OBJC_LITERAL_CONVERSION = YES;
				CLANG_WARN_OBJC_ROOT_CLASS = YES_ERROR;
				CLANG_WARN_QUOTED_INCLUDE_IN_FRAMEWORK_HEADER = YES;
				CLANG_WARN_RANGE_LOOP_ANALYSIS = YES;
				CLANG_WARN_STRICT_PROTOTYPES = YES;
				CLANG_WARN_SUSPICIOUS_MOVE = YES;
				CLANG_WARN_UNGUARDED_AVAILABILITY = YES_AGGRESSIVE;
				CLANG_WARN_UNREACHABLE_CODE = YES;
				CLANG_WARN__DUPLICATE_METHOD_MATCH = YES;
				COPY_PHASE_STRIP = NO;
				DEBUG_INFORMATION_FORMAT = dwarf;
				ENABLE_STRICT_OBJC_MSGSEND = YES;
				ENABLE_TESTABILITY = YES;
				GCC_C_LANGUAGE_STANDARD = gnu11;
				GCC_DYNAMIC_NO_PIC = NO;
				GCC_NO_COMMON_BLOCKS = YES;
				GCC_OPTIMIZATION_LEVEL = 0;
				GCC_PREPROCESSOR_DEFINITIONS = (
					"DEBUG=1",
					"$(inherited)",
				);
				GCC_WARN_64_TO_32_BIT_CONVERSION = YES;
				GCC_WARN_ABOUT_RETURN_TYPE = YES_ERROR;
				GCC_WARN_UNDECLARED_SELECTOR = YES;
				GCC_WARN_UNINITIALIZED_AUTOS = YES_AGGRESSIVE;
				GCC_WARN_UNUSED_FUNCTION = YES;
				GCC_WARN_UNUSED_VARIABLE = YES;
				IPHONEOS_DEPLOYMENT_TARGET = 15.5;
				MTL_ENABLE_DEBUG_INFO = INCLUDE_SOURCE;
				MTL_FAST_MATH = YES;
				ONLY_ACTIVE_ARCH = YES;
				SDKROOT = iphoneos;
				SWIFT_ACTIVE_COMPILATION_CONDITIONS = DEBUG;
				SWIFT_OPTIMIZATION_LEVEL = "-Onone";
			};
			name = Debug;
		};
		02727EB42897FB9C00B7D304 /* Release */ = {
			isa = XCBuildConfiguration;
			buildSettings = {
				ALWAYS_SEARCH_USER_PATHS = NO;
				CLANG_ANALYZER_NONNULL = YES;
				CLANG_ANALYZER_NUMBER_OBJECT_CONVERSION = YES_AGGRESSIVE;
				CLANG_CXX_LANGUAGE_STANDARD = "gnu++17";
				CLANG_ENABLE_MODULES = YES;
				CLANG_ENABLE_OBJC_ARC = YES;
				CLANG_ENABLE_OBJC_WEAK = YES;
				CLANG_WARN_BLOCK_CAPTURE_AUTORELEASING = YES;
				CLANG_WARN_BOOL_CONVERSION = YES;
				CLANG_WARN_COMMA = YES;
				CLANG_WARN_CONSTANT_CONVERSION = YES;
				CLANG_WARN_DEPRECATED_OBJC_IMPLEMENTATIONS = YES;
				CLANG_WARN_DIRECT_OBJC_ISA_USAGE = YES_ERROR;
				CLANG_WARN_DOCUMENTATION_COMMENTS = YES;
				CLANG_WARN_EMPTY_BODY = YES;
				CLANG_WARN_ENUM_CONVERSION = YES;
				CLANG_WARN_INFINITE_RECURSION = YES;
				CLANG_WARN_INT_CONVERSION = YES;
				CLANG_WARN_NON_LITERAL_NULL_CONVERSION = YES;
				CLANG_WARN_OBJC_IMPLICIT_RETAIN_SELF = YES;
				CLANG_WARN_OBJC_LITERAL_CONVERSION = YES;
				CLANG_WARN_OBJC_ROOT_CLASS = YES_ERROR;
				CLANG_WARN_QUOTED_INCLUDE_IN_FRAMEWORK_HEADER = YES;
				CLANG_WARN_RANGE_LOOP_ANALYSIS = YES;
				CLANG_WARN_STRICT_PROTOTYPES = YES;
				CLANG_WARN_SUSPICIOUS_MOVE = YES;
				CLANG_WARN_UNGUARDED_AVAILABILITY = YES_AGGRESSIVE;
				CLANG_WARN_UNREACHABLE_CODE = YES;
				CLANG_WARN__DUPLICATE_METHOD_MATCH = YES;
				COPY_PHASE_STRIP = NO;
				DEBUG_INFORMATION_FORMAT = "dwarf-with-dsym";
				ENABLE_NS_ASSERTIONS = NO;
				ENABLE_STRICT_OBJC_MSGSEND = YES;
				GCC_C_LANGUAGE_STANDARD = gnu11;
				GCC_NO_COMMON_BLOCKS = YES;
				GCC_WARN_64_TO_32_BIT_CONVERSION = YES;
				GCC_WARN_ABOUT_RETURN_TYPE = YES_ERROR;
				GCC_WARN_UNDECLARED_SELECTOR = YES;
				GCC_WARN_UNINITIALIZED_AUTOS = YES_AGGRESSIVE;
				GCC_WARN_UNUSED_FUNCTION = YES;
				GCC_WARN_UNUSED_VARIABLE = YES;
				IPHONEOS_DEPLOYMENT_TARGET = 15.5;
				MTL_ENABLE_DEBUG_INFO = NO;
				MTL_FAST_MATH = YES;
				SDKROOT = iphoneos;
				SWIFT_COMPILATION_MODE = wholemodule;
				SWIFT_OPTIMIZATION_LEVEL = "-O";
				VALIDATE_PRODUCT = YES;
			};
			name = Release;
		};
		02727EB62897FB9C00B7D304 /* Debug */ = {
			isa = XCBuildConfiguration;
			buildSettings = {
				ASSETCATALOG_COMPILER_APPICON_NAME = AppIcon;
				ASSETCATALOG_COMPILER_GLOBAL_ACCENT_COLOR_NAME = AccentColor;
				CODE_SIGN_STYLE = Automatic;
				CURRENT_PROJECT_VERSION = 1;
				DEVELOPMENT_TEAM = 82896UQ72B;
				GENERATE_INFOPLIST_FILE = YES;
				INFOPLIST_FILE = "TEXT FIELDS!/Info.plist";
				INFOPLIST_KEY_UIApplicationSupportsIndirectInputEvents = YES;
				INFOPLIST_KEY_UILaunchStoryboardName = LaunchScreen;
				INFOPLIST_KEY_UISupportedInterfaceOrientations = UIInterfaceOrientationPortrait;
				INFOPLIST_KEY_UISupportedInterfaceOrientations_iPad = UIInterfaceOrientationPortrait;
				INFOPLIST_KEY_UISupportedInterfaceOrientations_iPhone = UIInterfaceOrientationPortrait;
				LD_RUNPATH_SEARCH_PATHS = (
					"$(inherited)",
					"@executable_path/Frameworks",
				);
				MARKETING_VERSION = 1.0;
				PRODUCT_BUNDLE_IDENTIFIER = "com.dmytroivanchuk1998.TEXT-FIELDS-";
				PRODUCT_NAME = "$(TARGET_NAME)";
				SWIFT_EMIT_LOC_STRINGS = YES;
				SWIFT_VERSION = 5.0;
				TARGETED_DEVICE_FAMILY = "1,2";
			};
			name = Debug;
		};
		02727EB72897FB9C00B7D304 /* Release */ = {
			isa = XCBuildConfiguration;
			buildSettings = {
				ASSETCATALOG_COMPILER_APPICON_NAME = AppIcon;
				ASSETCATALOG_COMPILER_GLOBAL_ACCENT_COLOR_NAME = AccentColor;
				CODE_SIGN_STYLE = Automatic;
				CURRENT_PROJECT_VERSION = 1;
				DEVELOPMENT_TEAM = 82896UQ72B;
				GENERATE_INFOPLIST_FILE = YES;
				INFOPLIST_FILE = "TEXT FIELDS!/Info.plist";
				INFOPLIST_KEY_UIApplicationSupportsIndirectInputEvents = YES;
				INFOPLIST_KEY_UILaunchStoryboardName = LaunchScreen;
				INFOPLIST_KEY_UISupportedInterfaceOrientations = UIInterfaceOrientationPortrait;
				INFOPLIST_KEY_UISupportedInterfaceOrientations_iPad = UIInterfaceOrientationPortrait;
				INFOPLIST_KEY_UISupportedInterfaceOrientations_iPhone = UIInterfaceOrientationPortrait;
				LD_RUNPATH_SEARCH_PATHS = (
					"$(inherited)",
					"@executable_path/Frameworks",
				);
				MARKETING_VERSION = 1.0;
				PRODUCT_BUNDLE_IDENTIFIER = "com.dmytroivanchuk1998.TEXT-FIELDS-";
				PRODUCT_NAME = "$(TARGET_NAME)";
				SWIFT_EMIT_LOC_STRINGS = YES;
				SWIFT_VERSION = 5.0;
				TARGETED_DEVICE_FAMILY = "1,2";
			};
			name = Release;
		};
/* End XCBuildConfiguration section */

/* Begin XCConfigurationList section */
		02727E862897FB9A00B7D304 /* Build configuration list for PBXProject "TEXT FIELDS!" */ = {
			isa = XCConfigurationList;
			buildConfigurations = (
				02727EB32897FB9C00B7D304 /* Debug */,
				02727EB42897FB9C00B7D304 /* Release */,
			);
			defaultConfigurationIsVisible = 0;
			defaultConfigurationName = Release;
		};
		02727EB52897FB9C00B7D304 /* Build configuration list for PBXNativeTarget "TEXT FIELDS!" */ = {
			isa = XCConfigurationList;
			buildConfigurations = (
				02727EB62897FB9C00B7D304 /* Debug */,
				02727EB72897FB9C00B7D304 /* Release */,
			);
			defaultConfigurationIsVisible = 0;
			defaultConfigurationName = Release;
		};
/* End XCConfigurationList section */
	};
	rootObject = 02727E832897FB9A00B7D304 /* Project object */;
}
